{
  "name": "pokemon-cards",
  "version": "1.0.0",
  "lockfileVersion": 2,
  "requires": true,
  "packages": {
    "": {
      "name": "pokemon-cards",
      "version": "1.0.0",
      "license": "ISC",
      "dependencies": {
        "autocomplete.js": "^0.38.1",
        "jquery": "^3.7.0",
        "typeahead.js": "^0.11.1"
      }
    },
    "node_modules/autocomplete.js": {
      "version": "0.38.1",
      "resolved": "https://registry.npmjs.org/autocomplete.js/-/autocomplete.js-0.38.1.tgz",
      "integrity": "sha512-6pSJzuRMY3pqpozt+SXThl2DmJfma8Bi3SVFbZHS0PW/N72bOUv+Db0jAh2cWOhTsA4X+GNmKvIl8wExJTnN9w==",
      "dependencies": {
        "immediate": "^3.2.3"
      }
    },
    "node_modules/immediate": {
      "version": "3.3.0",
      "resolved": "https://registry.npmjs.org/immediate/-/immediate-3.3.0.tgz",
      "integrity": "sha512-HR7EVodfFUdQCTIeySw+WDRFJlPcLOJbXfwwZ7Oom6tjsvZ3bOkCDJHehQC3nxJrv7+f9XecwazynjU8e4Vw3Q=="
    },
    "node_modules/jquery": {
      "version": "3.7.0",
      "resolved": "https://registry.npmjs.org/jquery/-/jquery-3.7.0.tgz",
      "integrity": "sha512-umpJ0/k8X0MvD1ds0P9SfowREz2LenHsQaxSohMZ5OMNEU2r0tf8pdeEFTHMFxWVxKNyU9rTtK3CWzUCTKJUeQ=="
    },
    "node_modules/typeahead.js": {
      "version": "0.11.1",
      "resolved": "https://registry.npmjs.org/typeahead.js/-/typeahead.js-0.11.1.tgz",
      "integrity": "sha512-yGaLzGjVHyryZdNfrWz2NHXUwEO7hrlVmGMGCo5+6mH3nEEhcQ0Te3mK3G60uRnxfERu8twOWSU4WmwScbwhMg==",
      "dependencies": {
        "jquery": ">=1.7"
      }
    }
  },
  "dependencies": {
    "autocomplete.js": {
      "version": "0.38.1",
      "resolved": "https://registry.npmjs.org/autocomplete.js/-/autocomplete.js-0.38.1.tgz",
      "integrity": "sha512-6pSJzuRMY3pqpozt+SXThl2DmJfma8Bi3SVFbZHS0PW/N72bOUv+Db0jAh2cWOhTsA4X+GNmKvIl8wExJTnN9w==",
      "requires": {
        "immediate": "^3.2.3"
      }
    },
    "immediate": {
      "version": "3.3.0",
      "resolved": "https://registry.npmjs.org/immediate/-/immediate-3.3.0.tgz",
      "integrity": "sha512-HR7EVodfFUdQCTIeySw+WDRFJlPcLOJbXfwwZ7Oom6tjsvZ3bOkCDJHehQC3nxJrv7+f9XecwazynjU8e4Vw3Q=="
    },
    "jquery": {
      "version": "3.7.0",
      "resolved": "https://registry.npmjs.org/jquery/-/jquery-3.7.0.tgz",
      "integrity": "sha512-umpJ0/k8X0MvD1ds0P9SfowREz2LenHsQaxSohMZ5OMNEU2r0tf8pdeEFTHMFxWVxKNyU9rTtK3CWzUCTKJUeQ=="
    },
    "typeahead.js": {
      "version": "0.11.1",
      "resolved": "https://registry.npmjs.org/typeahead.js/-/typeahead.js-0.11.1.tgz",
      "integrity": "sha512-yGaLzGjVHyryZdNfrWz2NHXUwEO7hrlVmGMGCo5+6mH3nEEhcQ0Te3mK3G60uRnxfERu8twOWSU4WmwScbwhMg==",
      "requires": {
        "jquery": ">=1.7"
      }
    }
  }
}
